{
  "name": "system-design",
  "version": "1.0.0",
  "lockfileVersion": 2,
  "requires": true,
  "packages": {
    "": {
      "name": "system-design",
      "version": "1.0.0",
      "license": "ISC",
      "devDependencies": {
        "typescript": "^4.6.3"
      }
    },
    "node_modules/typescript": {
      "version": "4.6.3",
      "resolved": "https://artifacthub-phx.oci.oraclecorp.com/api/npm/iot-npm-virtual-remote/typescript/-/typescript-4.6.3.tgz",
      "integrity": "sha1-7v6vpq/dMdclWExnoOq6gPb8bGw=",
      "dev": true,
      "license": "Apache-2.0",
      "bin": {
        "tsc": "bin/tsc",
        "tsserver": "bin/tsserver"
      },
      "engines": {
        "node": ">=4.2.0"
      }
    }
  },
  "dependencies": {
    "typescript": {
      "version": "4.6.3",
      "resolved": "https://artifacthub-phx.oci.oraclecorp.com/api/npm/iot-npm-virtual-remote/typescript/-/typescript-4.6.3.tgz",
      "integrity": "sha1-7v6vpq/dMdclWExnoOq6gPb8bGw=",
      "dev": true
    }
  }
}
